
Microsoft Visual Studio Solution File, Format Version 12.00
# Visual Studio Version 17
VisualStudioVersion = 17.0.32112.339
MinimumVisualStudioVersion = 10.0.40219.1
Project("{F184B08F-C81C-45F6-A57F-5ABD9991F28F}") = "201700624_Autos", "201700624_Autos\201700624_Autos.vbproj", "{6459AEB3-2081-44E7-B903-FE575E76B99F}"
EndProject
Global
	GlobalSection(SolutionConfigurationPlatforms) = preSolution
		Debug|Any CPU = Debug|Any CPU
		Release|Any CPU = Release|Any CPU
	EndGlobalSection
	GlobalSection(ProjectConfigurationPlatforms) = postSolution
		{6459AEB3-2081-44E7-B903-FE575E76B99F}.Debug|Any CPU.ActiveCfg = Debug|Any CPU
		{6459AEB3-2081-44E7-B903-FE575E76B99F}.Debug|Any CPU.Build.0 = Debug|Any CPU
		{6459AEB3-2081-44E7-B903-FE575E76B99F}.Release|Any CPU.ActiveCfg = Release|Any CPU
		{6459AEB3-2081-44E7-B903-FE575E76B99F}.Release|Any CPU.Build.0 = Release|Any CPU
	EndGlobalSection
	GlobalSection(SolutionProperties) = preSolution
		HideSolutionNode = FALSE
	EndGlobalSection
	GlobalSection(ExtensibilityGlobals) = postSolution
		SolutionGuid = {E6092F4E-22D6-4D75-827C-4AB1B7B07BD1}
	EndGlobalSection
EndGlobal
