
Microsoft Visual Studio Solution File, Format Version 12.00
# Visual Studio Version 17
VisualStudioVersion = 17.0.32112.339
MinimumVisualStudioVersion = 10.0.40219.1
Project("{F184B08F-C81C-45F6-A57F-5ABD9991F28F}") = "201700624_COMUNICACIONES", "201700624_COMUNICACIONES\201700624_COMUNICACIONES.vbproj", "{38240BEB-DEC8-4D05-A494-0D2F899C4A15}"
EndProject
Global
	GlobalSection(SolutionConfigurationPlatforms) = preSolution
		Debug|Any CPU = Debug|Any CPU
		Release|Any CPU = Release|Any CPU
	EndGlobalSection
	GlobalSection(ProjectConfigurationPlatforms) = postSolution
		{38240BEB-DEC8-4D05-A494-0D2F899C4A15}.Debug|Any CPU.ActiveCfg = Debug|Any CPU
		{38240BEB-DEC8-4D05-A494-0D2F899C4A15}.Debug|Any CPU.Build.0 = Debug|Any CPU
		{38240BEB-DEC8-4D05-A494-0D2F899C4A15}.Release|Any CPU.ActiveCfg = Release|Any CPU
		{38240BEB-DEC8-4D05-A494-0D2F899C4A15}.Release|Any CPU.Build.0 = Release|Any CPU
	EndGlobalSection
	GlobalSection(SolutionProperties) = preSolution
		HideSolutionNode = FALSE
	EndGlobalSection
	GlobalSection(ExtensibilityGlobals) = postSolution
		SolutionGuid = {993AB5FD-2B68-4035-9159-82291DAAC603}
	EndGlobalSection
EndGlobal
